{
  "name": "ai-council",
  "version": "1.0.0",
  "lockfileVersion": 3,
  "requires": true,
  "packages": {
    "": {
      "name": "ai-council",
      "version": "1.0.0",
      "license": "ISC",
      "dependencies": {
        "yaml": "^2.8.2"
      },
      "devDependencies": {
        "@types/yaml": "^1.9.6"
      }
    },
    "node_modules/@types/yaml": {
      "version": "1.9.6",
      "resolved": "https://registry.npmjs.org/@types/yaml/-/yaml-1.9.6.tgz",
      "integrity": "sha512-VKOCuDN57wngmyQnRqcn4vuGWCXViISHv+UCCjrKcf1yt4zyfMmOGlZDI2ucTHK72V8ki+sd7h21OZL6O5S52A==",
      "dev": true,
      "license": "MIT",
      "dependencies": {
        "yaml": "*"
      }
    },
    "node_modules/yaml": {
      "version": "2.8.2",
      "license": "ISC",
      "bin": {
        "yaml": "bin.mjs"
      },
      "engines": {
        "node": ">= 14.6"
      },
      "funding": {
        "url": "https://github.com/sponsors/eemeli"
      }
    }
  }
}
